
Microsoft Visual Studio Solution File, Format Version 12.00
# Visual Studio 15
VisualStudioVersion = 15.0.27004.2009
MinimumVisualStudioVersion = 10.0.40219.1
Project("{FAE04EC0-301F-11D3-BF4B-00C04F79EFBC}") = "RyanPenfold.Utilities", "RyanPenfold.Utilities\RyanPenfold.Utilities.csproj", "{B74CC041-EA6D-4E3E-A311-E812B303CD59}"
EndProject
Project("{2150E333-8FDC-42A3-9474-1A3956D46DE8}") = "Tests", "Tests", "{288CE00B-7EDB-4D31-8DD2-9005846D29B2}"
EndProject
Project("{FAE04EC0-301F-11D3-BF4B-00C04F79EFBC}") = "RyanPenfold.Utilities.Data", "RyanPenfold.Utilities.Data\RyanPenfold.Utilities.Data.csproj", "{DC9500B2-998F-4A68-A950-4AC94CBCE3E0}"
EndProject
Project("{FAE04EC0-301F-11D3-BF4B-00C04F79EFBC}") = "RyanPenfold.Utilities.Security", "RyanPenfold.Utilities.Security\RyanPenfold.Utilities.Security.csproj", "{2C67DAD3-741C-4569-82C7-3CB3702743FD}"
EndProject
Project("{FAE04EC0-301F-11D3-BF4B-00C04F79EFBC}") = "RyanPenfold.Utilities.UI.Console", "RyanPenfold.Utilities.UI.Console\RyanPenfold.Utilities.UI.Console.csproj", "{FE13D40C-4E31-46B5-BC94-7D47A23A97BF}"
EndProject
Project("{FAE04EC0-301F-11D3-BF4B-00C04F79EFBC}") = "RyanPenfold.Utilities.Web", "RyanPenfold.Utilities.Web\RyanPenfold.Utilities.Web.csproj", "{19014FD3-7596-45E1-B9BC-6DCB6EC531BB}"
EndProject
Project("{FAE04EC0-301F-11D3-BF4B-00C04F79EFBC}") = "RyanPenfold.Utilities.Windows.Forms", "RyanPenfold.Utilities.Windows.Forms\RyanPenfold.Utilities.Windows.Forms.csproj", "{F1A02053-8F34-4F02-B7F4-084CC49F3402}"
EndProject
Project("{FAE04EC0-301F-11D3-BF4B-00C04F79EFBC}") = "RyanPenfold.Utilities.Xml", "RyanPenfold.Utilities.Xml\RyanPenfold.Utilities.Xml.csproj", "{774F689D-84B6-46D4-8264-6590EFD2FE6A}"
EndProject
Project("{FAE04EC0-301F-11D3-BF4B-00C04F79EFBC}") = "RyanPenfold.Utilities.Tests.Unit", "RyanPenfold.Utilities.Tests.Unit\RyanPenfold.Utilities.Tests.Unit.csproj", "{447BB2A0-952A-4AAF-80BA-94CA6E711AA0}"
EndProject
Project("{FAE04EC0-301F-11D3-BF4B-00C04F79EFBC}") = "RyanPenfold.Utilities.Data.Tests.Unit", "RyanPenfold.Utilities.Data.Tests.Unit\RyanPenfold.Utilities.Data.Tests.Unit.csproj", "{606F24B9-AD61-4D0A-A533-7B73DB0EC642}"
EndProject
Project("{FAE04EC0-301F-11D3-BF4B-00C04F79EFBC}") = "RyanPenfold.Utilities.Data.Tests.Integration", "RyanPenfold.Utilities.Data.Tests.Integration\RyanPenfold.Utilities.Data.Tests.Integration.csproj", "{5493F958-C66E-48CA-81B9-013EF5C8F46E}"
EndProject
Project("{FAE04EC0-301F-11D3-BF4B-00C04F79EFBC}") = "RyanPenfold.Utilities.Resources.Tests.Unit", "RyanPenfold.Utilities.Resources.Tests.Unit\RyanPenfold.Utilities.Resources.Tests.Unit.csproj", "{B4214E54-122E-40FB-B774-6B43EFA9FD43}"
EndProject
Project("{FAE04EC0-301F-11D3-BF4B-00C04F79EFBC}") = "RyanPenfold.Utilities.Security.Tests.Unit", "RyanPenfold.Utilities.Security.Tests.Unit\RyanPenfold.Utilities.Security.Tests.Unit.csproj", "{07A01076-F0BF-4BB0-8EE4-67397FF86BD2}"
EndProject
Project("{FAE04EC0-301F-11D3-BF4B-00C04F79EFBC}") = "RyanPenfold.Utilities.Web.Tests.Unit", "RyanPenfold.Utilities.Web.Tests.Unit\RyanPenfold.Utilities.Web.Tests.Unit.csproj", "{57D53575-261C-4CD4-ABCB-729DE87395C4}"
EndProject
Project("{FAE04EC0-301F-11D3-BF4B-00C04F79EFBC}") = "RyanPenfold.Utilities.Windows.Forms.Tests.Unit", "RyanPenfold.Utilities.Windows.Forms.Tests.Unit\RyanPenfold.Utilities.Windows.Forms.Tests.Unit.csproj", "{89826744-7245-48B8-A32A-3C0C653454CD}"
EndProject
Project("{FAE04EC0-301F-11D3-BF4B-00C04F79EFBC}") = "RyanPenfold.Utilities.Xml.Tests.Unit", "RyanPenfold.Utilities.Xml.Tests.Unit\RyanPenfold.Utilities.Xml.Tests.Unit.csproj", "{AD2BC0A2-75E0-44AD-A9AF-D3E28EFB9260}"
EndProject
Project("{FAE04EC0-301F-11D3-BF4B-00C04F79EFBC}") = "RyanPenfold.Utilities.Resources", "RyanPenfold.Utilities.Resources\RyanPenfold.Utilities.Resources.csproj", "{2D613448-60DD-4798-BD8F-2DE568AFEDD4}"
EndProject
Global
	GlobalSection(SolutionConfigurationPlatforms) = preSolution
		Debug|Any CPU = Debug|Any CPU
		Release|Any CPU = Release|Any CPU
	EndGlobalSection
	GlobalSection(ProjectConfigurationPlatforms) = postSolution
		{B74CC041-EA6D-4E3E-A311-E812B303CD59}.Debug|Any CPU.ActiveCfg = Debug|Any CPU
		{B74CC041-EA6D-4E3E-A311-E812B303CD59}.Debug|Any CPU.Build.0 = Debug|Any CPU
		{B74CC041-EA6D-4E3E-A311-E812B303CD59}.Release|Any CPU.ActiveCfg = Release|Any CPU
		{B74CC041-EA6D-4E3E-A311-E812B303CD59}.Release|Any CPU.Build.0 = Release|Any CPU
		{DC9500B2-998F-4A68-A950-4AC94CBCE3E0}.Debug|Any CPU.ActiveCfg = Debug|Any CPU
		{DC9500B2-998F-4A68-A950-4AC94CBCE3E0}.Debug|Any CPU.Build.0 = Debug|Any CPU
		{DC9500B2-998F-4A68-A950-4AC94CBCE3E0}.Release|Any CPU.ActiveCfg = Release|Any CPU
		{DC9500B2-998F-4A68-A950-4AC94CBCE3E0}.Release|Any CPU.Build.0 = Release|Any CPU
		{2C67DAD3-741C-4569-82C7-3CB3702743FD}.Debug|Any CPU.ActiveCfg = Debug|Any CPU
		{2C67DAD3-741C-4569-82C7-3CB3702743FD}.Debug|Any CPU.Build.0 = Debug|Any CPU
		{2C67DAD3-741C-4569-82C7-3CB3702743FD}.Release|Any CPU.ActiveCfg = Release|Any CPU
		{2C67DAD3-741C-4569-82C7-3CB3702743FD}.Release|Any CPU.Build.0 = Release|Any CPU
		{FE13D40C-4E31-46B5-BC94-7D47A23A97BF}.Debug|Any CPU.ActiveCfg = Debug|Any CPU
		{FE13D40C-4E31-46B5-BC94-7D47A23A97BF}.Debug|Any CPU.Build.0 = Debug|Any CPU
		{FE13D40C-4E31-46B5-BC94-7D47A23A97BF}.Release|Any CPU.ActiveCfg = Release|Any CPU
		{FE13D40C-4E31-46B5-BC94-7D47A23A97BF}.Release|Any CPU.Build.0 = Release|Any CPU
		{19014FD3-7596-45E1-B9BC-6DCB6EC531BB}.Debug|Any CPU.ActiveCfg = Debug|Any CPU
		{19014FD3-7596-45E1-B9BC-6DCB6EC531BB}.Debug|Any CPU.Build.0 = Debug|Any CPU
		{19014FD3-7596-45E1-B9BC-6DCB6EC531BB}.Release|Any CPU.ActiveCfg = Release|Any CPU
		{19014FD3-7596-45E1-B9BC-6DCB6EC531BB}.Release|Any CPU.Build.0 = Release|Any CPU
		{F1A02053-8F34-4F02-B7F4-084CC49F3402}.Debug|Any CPU.ActiveCfg = Debug|Any CPU
		{F1A02053-8F34-4F02-B7F4-084CC49F3402}.Debug|Any CPU.Build.0 = Debug|Any CPU
		{F1A02053-8F34-4F02-B7F4-084CC49F3402}.Release|Any CPU.ActiveCfg = Release|Any CPU
		{F1A02053-8F34-4F02-B7F4-084CC49F3402}.Release|Any CPU.Build.0 = Release|Any CPU
		{774F689D-84B6-46D4-8264-6590EFD2FE6A}.Debug|Any CPU.ActiveCfg = Debug|Any CPU
		{774F689D-84B6-46D4-8264-6590EFD2FE6A}.Debug|Any CPU.Build.0 = Debug|Any CPU
		{774F689D-84B6-46D4-8264-6590EFD2FE6A}.Release|Any CPU.ActiveCfg = Release|Any CPU
		{774F689D-84B6-46D4-8264-6590EFD2FE6A}.Release|Any CPU.Build.0 = Release|Any CPU
		{447BB2A0-952A-4AAF-80BA-94CA6E711AA0}.Debug|Any CPU.ActiveCfg = Debug|Any CPU
		{447BB2A0-952A-4AAF-80BA-94CA6E711AA0}.Debug|Any CPU.Build.0 = Debug|Any CPU
		{447BB2A0-952A-4AAF-80BA-94CA6E711AA0}.Release|Any CPU.ActiveCfg = Release|Any CPU
		{447BB2A0-952A-4AAF-80BA-94CA6E711AA0}.Release|Any CPU.Build.0 = Release|Any CPU
		{606F24B9-AD61-4D0A-A533-7B73DB0EC642}.Debug|Any CPU.ActiveCfg = Debug|Any CPU
		{606F24B9-AD61-4D0A-A533-7B73DB0EC642}.Debug|Any CPU.Build.0 = Debug|Any CPU
		{606F24B9-AD61-4D0A-A533-7B73DB0EC642}.Release|Any CPU.ActiveCfg = Release|Any CPU
		{606F24B9-AD61-4D0A-A533-7B73DB0EC642}.Release|Any CPU.Build.0 = Release|Any CPU
		{5493F958-C66E-48CA-81B9-013EF5C8F46E}.Debug|Any CPU.ActiveCfg = Debug|Any CPU
		{5493F958-C66E-48CA-81B9-013EF5C8F46E}.Debug|Any CPU.Build.0 = Debug|Any CPU
		{5493F958-C66E-48CA-81B9-013EF5C8F46E}.Release|Any CPU.ActiveCfg = Release|Any CPU
		{5493F958-C66E-48CA-81B9-013EF5C8F46E}.Release|Any CPU.Build.0 = Release|Any CPU
		{B4214E54-122E-40FB-B774-6B43EFA9FD43}.Debug|Any CPU.ActiveCfg = Debug|Any CPU
		{B4214E54-122E-40FB-B774-6B43EFA9FD43}.Debug|Any CPU.Build.0 = Debug|Any CPU
		{B4214E54-122E-40FB-B774-6B43EFA9FD43}.Release|Any CPU.ActiveCfg = Release|Any CPU
		{B4214E54-122E-40FB-B774-6B43EFA9FD43}.Release|Any CPU.Build.0 = Release|Any CPU
		{07A01076-F0BF-4BB0-8EE4-67397FF86BD2}.Debug|Any CPU.ActiveCfg = Debug|Any CPU
		{07A01076-F0BF-4BB0-8EE4-67397FF86BD2}.Debug|Any CPU.Build.0 = Debug|Any CPU
		{07A01076-F0BF-4BB0-8EE4-67397FF86BD2}.Release|Any CPU.ActiveCfg = Release|Any CPU
		{07A01076-F0BF-4BB0-8EE4-67397FF86BD2}.Release|Any CPU.Build.0 = Release|Any CPU
		{57D53575-261C-4CD4-ABCB-729DE87395C4}.Debug|Any CPU.ActiveCfg = Debug|Any CPU
		{57D53575-261C-4CD4-ABCB-729DE87395C4}.Debug|Any CPU.Build.0 = Debug|Any CPU
		{57D53575-261C-4CD4-ABCB-729DE87395C4}.Release|Any CPU.ActiveCfg = Release|Any CPU
		{57D53575-261C-4CD4-ABCB-729DE87395C4}.Release|Any CPU.Build.0 = Release|Any CPU
		{89826744-7245-48B8-A32A-3C0C653454CD}.Debug|Any CPU.ActiveCfg = Debug|Any CPU
		{89826744-7245-48B8-A32A-3C0C653454CD}.Debug|Any CPU.Build.0 = Debug|Any CPU
		{89826744-7245-48B8-A32A-3C0C653454CD}.Release|Any CPU.ActiveCfg = Release|Any CPU
		{89826744-7245-48B8-A32A-3C0C653454CD}.Release|Any CPU.Build.0 = Release|Any CPU
		{AD2BC0A2-75E0-44AD-A9AF-D3E28EFB9260}.Debug|Any CPU.ActiveCfg = Debug|Any CPU
		{AD2BC0A2-75E0-44AD-A9AF-D3E28EFB9260}.Debug|Any CPU.Build.0 = Debug|Any CPU
		{AD2BC0A2-75E0-44AD-A9AF-D3E28EFB9260}.Release|Any CPU.ActiveCfg = Release|Any CPU
		{AD2BC0A2-75E0-44AD-A9AF-D3E28EFB9260}.Release|Any CPU.Build.0 = Release|Any CPU
		{2D613448-60DD-4798-BD8F-2DE568AFEDD4}.Debug|Any CPU.ActiveCfg = Debug|Any CPU
		{2D613448-60DD-4798-BD8F-2DE568AFEDD4}.Debug|Any CPU.Build.0 = Debug|Any CPU
		{2D613448-60DD-4798-BD8F-2DE568AFEDD4}.Release|Any CPU.ActiveCfg = Release|Any CPU
		{2D613448-60DD-4798-BD8F-2DE568AFEDD4}.Release|Any CPU.Build.0 = Release|Any CPU
	EndGlobalSection
	GlobalSection(SolutionProperties) = preSolution
		HideSolutionNode = FALSE
	EndGlobalSection
	GlobalSection(NestedProjects) = preSolution
		{447BB2A0-952A-4AAF-80BA-94CA6E711AA0} = {288CE00B-7EDB-4D31-8DD2-9005846D29B2}
		{606F24B9-AD61-4D0A-A533-7B73DB0EC642} = {288CE00B-7EDB-4D31-8DD2-9005846D29B2}
		{5493F958-C66E-48CA-81B9-013EF5C8F46E} = {288CE00B-7EDB-4D31-8DD2-9005846D29B2}
		{B4214E54-122E-40FB-B774-6B43EFA9FD43} = {288CE00B-7EDB-4D31-8DD2-9005846D29B2}
		{07A01076-F0BF-4BB0-8EE4-67397FF86BD2} = {288CE00B-7EDB-4D31-8DD2-9005846D29B2}
		{57D53575-261C-4CD4-ABCB-729DE87395C4} = {288CE00B-7EDB-4D31-8DD2-9005846D29B2}
		{89826744-7245-48B8-A32A-3C0C653454CD} = {288CE00B-7EDB-4D31-8DD2-9005846D29B2}
		{AD2BC0A2-75E0-44AD-A9AF-D3E28EFB9260} = {288CE00B-7EDB-4D31-8DD2-9005846D29B2}
	EndGlobalSection
	GlobalSection(ExtensibilityGlobals) = postSolution
		SolutionGuid = {6E8D7135-6E59-4933-A2A1-CA9AC98E0219}
	EndGlobalSection
	GlobalSection(TeamFoundationVersionControl) = preSolution
		SccNumberOfProjects = 17
		SccEnterpriseProvider = {4CA58AB2-18FA-4F8D-95D4-32DDF27D184C}
		SccTeamFoundationServer = https://ryanpenfold.visualstudio.com/
		SccProjectUniqueName0 = RyanPenfold.Utilities.Data.Tests.Integration\\RyanPenfold.Utilities.Data.Tests.Integration.csproj
		SccProjectTopLevelParentUniqueName0 = RyanPenfold.Utilities.sln
		SccProjectName0 = RyanPenfold.Utilities.Data.Tests.Integration
		SccLocalPath0 = RyanPenfold.Utilities.Data.Tests.Integration
		SccProjectUniqueName1 = RyanPenfold.Utilities.Data\\RyanPenfold.Utilities.Data.csproj
		SccProjectName1 = RyanPenfold.Utilities.Data
		SccLocalPath1 = RyanPenfold.Utilities.Data
		SccProjectUniqueName2 = RyanPenfold.Utilities.Tests.Unit\\RyanPenfold.Utilities.Tests.Unit.csproj
		SccProjectTopLevelParentUniqueName2 = RyanPenfold.Utilities.sln
		SccProjectName2 = RyanPenfold.Utilities.Tests.Unit
		SccLocalPath2 = RyanPenfold.Utilities.Tests.Unit
		SccProjectUniqueName3 = RyanPenfold.Utilities.Web.Tests.Unit\\RyanPenfold.Utilities.Web.Tests.Unit.csproj
		SccProjectTopLevelParentUniqueName3 = RyanPenfold.Utilities.sln
		SccProjectName3 = RyanPenfold.Utilities.Web.Tests.Unit
		SccLocalPath3 = RyanPenfold.Utilities.Web.Tests.Unit
		SccProjectUniqueName4 = RyanPenfold.Utilities.Web\\RyanPenfold.Utilities.Web.csproj
		SccProjectName4 = RyanPenfold.Utilities.Web
		SccLocalPath4 = RyanPenfold.Utilities.Web
		SccProjectUniqueName5 = RyanPenfold.Utilities\\RyanPenfold.Utilities.csproj
		SccProjectName5 = RyanPenfold.Utilities
		SccLocalPath5 = RyanPenfold.Utilities
		SccLocalPath6 = .
		SccProjectUniqueName7 = RyanPenfold.Utilities.Data.Tests.Unit\\RyanPenfold.Utilities.Data.Tests.Unit.csproj
		SccProjectTopLevelParentUniqueName7 = RyanPenfold.Utilities.sln
		SccProjectName7 = RyanPenfold.Utilities.Data.Tests.Unit
		SccLocalPath7 = RyanPenfold.Utilities.Data.Tests.Unit
		SccProjectUniqueName8 = RyanPenfold.Utilities.Resources.Tests.Unit\\RyanPenfold.Utilities.Resources.Tests.Unit.csproj
		SccProjectTopLevelParentUniqueName8 = RyanPenfold.Utilities.sln
		SccProjectName8 = RyanPenfold.Utilities.Resources.Tests.Unit
		SccLocalPath8 = RyanPenfold.Utilities.Resources.Tests.Unit
		SccProjectUniqueName9 = RyanPenfold.Utilities.Resources\\RyanPenfold.Utilities.Resources.csproj
		SccProjectName9 = RyanPenfold.Utilities.Resources
		SccLocalPath9 = RyanPenfold.Utilities.Resources
		SccProjectUniqueName10 = RyanPenfold.Utilities.Security.Tests.Unit\\RyanPenfold.Utilities.Security.Tests.Unit.csproj
		SccProjectTopLevelParentUniqueName10 = RyanPenfold.Utilities.sln
		SccProjectName10 = RyanPenfold.Utilities.Security.Tests.Unit
		SccLocalPath10 = RyanPenfold.Utilities.Security.Tests.Unit
		SccProjectUniqueName11 = RyanPenfold.Utilities.Security\\RyanPenfold.Utilities.Security.csproj
		SccProjectName11 = RyanPenfold.Utilities.Security
		SccLocalPath11 = RyanPenfold.Utilities.Security
		SccProjectUniqueName12 = RyanPenfold.Utilities.UI.Console\\RyanPenfold.Utilities.UI.Console.csproj
		SccProjectName12 = RyanPenfold.Utilities.UI.Console
		SccLocalPath12 = RyanPenfold.Utilities.UI.Console
		SccProjectUniqueName13 = RyanPenfold.Utilities.Windows.Forms.Tests.Unit\\RyanPenfold.Utilities.Windows.Forms.Tests.Unit.csproj
		SccProjectTopLevelParentUniqueName13 = RyanPenfold.Utilities.sln
		SccProjectName13 = RyanPenfold.Utilities.Windows.Forms.Tests.Unit
		SccLocalPath13 = RyanPenfold.Utilities.Windows.Forms.Tests.Unit
		SccProjectUniqueName14 = RyanPenfold.Utilities.Windows.Forms\\RyanPenfold.Utilities.Windows.Forms.csproj
		SccProjectName14 = RyanPenfold.Utilities.Windows.Forms
		SccLocalPath14 = RyanPenfold.Utilities.Windows.Forms
		SccProjectUniqueName15 = RyanPenfold.Utilities.Xml.Tests.Unit\\RyanPenfold.Utilities.Xml.Tests.Unit.csproj
		SccProjectTopLevelParentUniqueName15 = RyanPenfold.Utilities.sln
		SccProjectName15 = RyanPenfold.Utilities.Xml.Tests.Unit
		SccLocalPath15 = RyanPenfold.Utilities.Xml.Tests.Unit
		SccProjectUniqueName16 = RyanPenfold.Utilities.Xml\\RyanPenfold.Utilities.Xml.csproj
		SccProjectName16 = RyanPenfold.Utilities.Xml
		SccLocalPath16 = RyanPenfold.Utilities.Xml
	EndGlobalSection
EndGlobal
