
Microsoft Visual Studio Solution File, Format Version 12.00
# Visual Studio 15
VisualStudioVersion = 15.0.27004.2009
MinimumVisualStudioVersion = 10.0.40219.1
Project("{FAE04EC0-301F-11D3-BF4B-00C04F79EFBC}") = "RyanPenfold.Utilities", "RyanPenfold.Utilities\RyanPenfold.Utilities.csproj", "{6B248F86-CC97-49F6-96F2-9200707544A4}"
EndProject
Project("{FAE04EC0-301F-11D3-BF4B-00C04F79EFBC}") = "RyanPenfold.Utilities.Resources", "RyanPenfold.Utilities.Resources\RyanPenfold.Utilities.Resources.csproj", "{DD3AA4A7-5604-4F6B-9375-8447A781F9FB}"
EndProject
Project("{2150E333-8FDC-42A3-9474-1A3956D46DE8}") = "Tests", "Tests", "{B838A91E-8A49-44EE-8888-909862440FA8}"
EndProject
Project("{FAE04EC0-301F-11D3-BF4B-00C04F79EFBC}") = "RyanPenfold.Utilities.Tests.Unit", "RyanPenfold.Utilities.Tests.Unit\RyanPenfold.Utilities.Tests.Unit.csproj", "{57BCBA23-28ED-4C53-95C3-D26EAEFC572E}"
EndProject
Project("{FAE04EC0-301F-11D3-BF4B-00C04F79EFBC}") = "RyanPenfold.Utilities.Resources.Tests.Unit", "RyanPenfold.Utilities.Resources.Tests.Unit\RyanPenfold.Utilities.Resources.Tests.Unit.csproj", "{5060F303-6B31-4C0D-AC57-74CAD45208F0}"
EndProject
Project("{FAE04EC0-301F-11D3-BF4B-00C04F79EFBC}") = "RyanPenfold.Utilities.Security", "RyanPenfold.Utilities.Security\RyanPenfold.Utilities.Security.csproj", "{5322ABF1-7647-40B6-8E5C-DC89302C0631}"
EndProject
Project("{FAE04EC0-301F-11D3-BF4B-00C04F79EFBC}") = "RyanPenfold.Utilities.Security.Tests.Unit", "RyanPenfold.Utilities.Security.Tests.Unit\RyanPenfold.Utilities.Security.Tests.Unit.csproj", "{FC326425-769A-4BBA-B887-71FB3FFA03D6}"
EndProject
Project("{FAE04EC0-301F-11D3-BF4B-00C04F79EFBC}") = "RyanPenfold.Utilities.Windows.Forms", "RyanPenfold.Utilities.Windows.Forms\RyanPenfold.Utilities.Windows.Forms.csproj", "{F7034DC0-F6BC-40B3-89C8-5C94147CCCC4}"
EndProject
Project("{FAE04EC0-301F-11D3-BF4B-00C04F79EFBC}") = "RyanPenfold.Utilities.Windows.Forms.Tests.Unit", "RyanPenfold.Utilities.Windows.Forms.Tests.Unit\RyanPenfold.Utilities.Windows.Forms.Tests.Unit.csproj", "{C3420A22-87BD-4A7C-8CB4-659C44E26C82}"
EndProject
Project("{FAE04EC0-301F-11D3-BF4B-00C04F79EFBC}") = "RyanPenfold.Utilities.Data", "RyanPenfold.Utilities.Data\RyanPenfold.Utilities.Data.csproj", "{B3388100-8B67-4FF9-BBA0-D89C0419503E}"
EndProject
Project("{FAE04EC0-301F-11D3-BF4B-00C04F79EFBC}") = "RyanPenfold.Utilities.Data.Tests.Unit", "RyanPenfold.Utilities.Data.Tests.Unit\RyanPenfold.Utilities.Data.Tests.Unit.csproj", "{BBDDD128-C1C7-4CB5-BC6E-7140C08971AA}"
EndProject
Project("{FAE04EC0-301F-11D3-BF4B-00C04F79EFBC}") = "RyanPenfold.Utilities.Data.Tests.Integration", "RyanPenfold.Utilities.Data.Tests.Integration\RyanPenfold.Utilities.Data.Tests.Integration.csproj", "{98BD1D67-E113-44A2-AE52-A1AE338755D1}"
EndProject
Project("{FAE04EC0-301F-11D3-BF4B-00C04F79EFBC}") = "RyanPenfold.Utilities.UI.Console", "RyanPenfold.Utilities.UI.Console\RyanPenfold.Utilities.UI.Console.csproj", "{A12C398F-047C-4FAE-A451-71AE2DF2CFFE}"
EndProject
Project("{FAE04EC0-301F-11D3-BF4B-00C04F79EFBC}") = "RyanPenfold.Utilities.Web", "RyanPenfold.Utilities.Web\RyanPenfold.Utilities.Web.csproj", "{E87C9504-0671-4EA8-ADFD-9B4314AB560B}"
EndProject
Project("{FAE04EC0-301F-11D3-BF4B-00C04F79EFBC}") = "RyanPenfold.Utilities.Web.Tests.Unit", "RyanPenfold.Utilities.Web.Tests.Unit\RyanPenfold.Utilities.Web.Tests.Unit.csproj", "{C63ECF54-EC71-4B94-9FBF-178C0A622E70}"
EndProject
Project("{FAE04EC0-301F-11D3-BF4B-00C04F79EFBC}") = "RyanPenfold.Utilities.Xml", "RyanPenfold.Utilities.Xml\RyanPenfold.Utilities.Xml.csproj", "{6363631C-985C-4810-AABE-8F55414C3BC0}"
EndProject
Project("{FAE04EC0-301F-11D3-BF4B-00C04F79EFBC}") = "RyanPenfold.Utilities.Xml.Tests.Unit", "RyanPenfold.Utilities.Xml.Tests.Unit\RyanPenfold.Utilities.Xml.Tests.Unit.csproj", "{82944BFD-A90F-468E-B0AC-082E41717ED3}"
EndProject
Global
	GlobalSection(SolutionConfigurationPlatforms) = preSolution
		Debug|Any CPU = Debug|Any CPU
		Release|Any CPU = Release|Any CPU
	EndGlobalSection
	GlobalSection(ProjectConfigurationPlatforms) = postSolution
		{6B248F86-CC97-49F6-96F2-9200707544A4}.Debug|Any CPU.ActiveCfg = Debug|Any CPU
		{6B248F86-CC97-49F6-96F2-9200707544A4}.Debug|Any CPU.Build.0 = Debug|Any CPU
		{6B248F86-CC97-49F6-96F2-9200707544A4}.Release|Any CPU.ActiveCfg = Release|Any CPU
		{6B248F86-CC97-49F6-96F2-9200707544A4}.Release|Any CPU.Build.0 = Release|Any CPU
		{DD3AA4A7-5604-4F6B-9375-8447A781F9FB}.Debug|Any CPU.ActiveCfg = Debug|Any CPU
		{DD3AA4A7-5604-4F6B-9375-8447A781F9FB}.Debug|Any CPU.Build.0 = Debug|Any CPU
		{DD3AA4A7-5604-4F6B-9375-8447A781F9FB}.Release|Any CPU.ActiveCfg = Release|Any CPU
		{DD3AA4A7-5604-4F6B-9375-8447A781F9FB}.Release|Any CPU.Build.0 = Release|Any CPU
		{57BCBA23-28ED-4C53-95C3-D26EAEFC572E}.Debug|Any CPU.ActiveCfg = Debug|Any CPU
		{57BCBA23-28ED-4C53-95C3-D26EAEFC572E}.Debug|Any CPU.Build.0 = Debug|Any CPU
		{57BCBA23-28ED-4C53-95C3-D26EAEFC572E}.Release|Any CPU.ActiveCfg = Release|Any CPU
		{57BCBA23-28ED-4C53-95C3-D26EAEFC572E}.Release|Any CPU.Build.0 = Release|Any CPU
		{5060F303-6B31-4C0D-AC57-74CAD45208F0}.Debug|Any CPU.ActiveCfg = Debug|Any CPU
		{5060F303-6B31-4C0D-AC57-74CAD45208F0}.Debug|Any CPU.Build.0 = Debug|Any CPU
		{5060F303-6B31-4C0D-AC57-74CAD45208F0}.Release|Any CPU.ActiveCfg = Release|Any CPU
		{5060F303-6B31-4C0D-AC57-74CAD45208F0}.Release|Any CPU.Build.0 = Release|Any CPU
		{5322ABF1-7647-40B6-8E5C-DC89302C0631}.Debug|Any CPU.ActiveCfg = Debug|Any CPU
		{5322ABF1-7647-40B6-8E5C-DC89302C0631}.Debug|Any CPU.Build.0 = Debug|Any CPU
		{5322ABF1-7647-40B6-8E5C-DC89302C0631}.Release|Any CPU.ActiveCfg = Release|Any CPU
		{5322ABF1-7647-40B6-8E5C-DC89302C0631}.Release|Any CPU.Build.0 = Release|Any CPU
		{FC326425-769A-4BBA-B887-71FB3FFA03D6}.Debug|Any CPU.ActiveCfg = Debug|Any CPU
		{FC326425-769A-4BBA-B887-71FB3FFA03D6}.Debug|Any CPU.Build.0 = Debug|Any CPU
		{FC326425-769A-4BBA-B887-71FB3FFA03D6}.Release|Any CPU.ActiveCfg = Release|Any CPU
		{FC326425-769A-4BBA-B887-71FB3FFA03D6}.Release|Any CPU.Build.0 = Release|Any CPU
		{F7034DC0-F6BC-40B3-89C8-5C94147CCCC4}.Debug|Any CPU.ActiveCfg = Debug|Any CPU
		{F7034DC0-F6BC-40B3-89C8-5C94147CCCC4}.Debug|Any CPU.Build.0 = Debug|Any CPU
		{F7034DC0-F6BC-40B3-89C8-5C94147CCCC4}.Release|Any CPU.ActiveCfg = Release|Any CPU
		{F7034DC0-F6BC-40B3-89C8-5C94147CCCC4}.Release|Any CPU.Build.0 = Release|Any CPU
		{C3420A22-87BD-4A7C-8CB4-659C44E26C82}.Debug|Any CPU.ActiveCfg = Debug|Any CPU
		{C3420A22-87BD-4A7C-8CB4-659C44E26C82}.Debug|Any CPU.Build.0 = Debug|Any CPU
		{C3420A22-87BD-4A7C-8CB4-659C44E26C82}.Release|Any CPU.ActiveCfg = Release|Any CPU
		{C3420A22-87BD-4A7C-8CB4-659C44E26C82}.Release|Any CPU.Build.0 = Release|Any CPU
		{B3388100-8B67-4FF9-BBA0-D89C0419503E}.Debug|Any CPU.ActiveCfg = Debug|Any CPU
		{B3388100-8B67-4FF9-BBA0-D89C0419503E}.Debug|Any CPU.Build.0 = Debug|Any CPU
		{B3388100-8B67-4FF9-BBA0-D89C0419503E}.Release|Any CPU.ActiveCfg = Release|Any CPU
		{B3388100-8B67-4FF9-BBA0-D89C0419503E}.Release|Any CPU.Build.0 = Release|Any CPU
		{BBDDD128-C1C7-4CB5-BC6E-7140C08971AA}.Debug|Any CPU.ActiveCfg = Debug|Any CPU
		{BBDDD128-C1C7-4CB5-BC6E-7140C08971AA}.Debug|Any CPU.Build.0 = Debug|Any CPU
		{BBDDD128-C1C7-4CB5-BC6E-7140C08971AA}.Release|Any CPU.ActiveCfg = Release|Any CPU
		{BBDDD128-C1C7-4CB5-BC6E-7140C08971AA}.Release|Any CPU.Build.0 = Release|Any CPU
		{98BD1D67-E113-44A2-AE52-A1AE338755D1}.Debug|Any CPU.ActiveCfg = Debug|Any CPU
		{98BD1D67-E113-44A2-AE52-A1AE338755D1}.Debug|Any CPU.Build.0 = Debug|Any CPU
		{98BD1D67-E113-44A2-AE52-A1AE338755D1}.Release|Any CPU.ActiveCfg = Release|Any CPU
		{98BD1D67-E113-44A2-AE52-A1AE338755D1}.Release|Any CPU.Build.0 = Release|Any CPU
		{A12C398F-047C-4FAE-A451-71AE2DF2CFFE}.Debug|Any CPU.ActiveCfg = Debug|Any CPU
		{A12C398F-047C-4FAE-A451-71AE2DF2CFFE}.Debug|Any CPU.Build.0 = Debug|Any CPU
		{A12C398F-047C-4FAE-A451-71AE2DF2CFFE}.Release|Any CPU.ActiveCfg = Release|Any CPU
		{A12C398F-047C-4FAE-A451-71AE2DF2CFFE}.Release|Any CPU.Build.0 = Release|Any CPU
		{E87C9504-0671-4EA8-ADFD-9B4314AB560B}.Debug|Any CPU.ActiveCfg = Debug|Any CPU
		{E87C9504-0671-4EA8-ADFD-9B4314AB560B}.Debug|Any CPU.Build.0 = Debug|Any CPU
		{E87C9504-0671-4EA8-ADFD-9B4314AB560B}.Release|Any CPU.ActiveCfg = Release|Any CPU
		{E87C9504-0671-4EA8-ADFD-9B4314AB560B}.Release|Any CPU.Build.0 = Release|Any CPU
		{C63ECF54-EC71-4B94-9FBF-178C0A622E70}.Debug|Any CPU.ActiveCfg = Debug|Any CPU
		{C63ECF54-EC71-4B94-9FBF-178C0A622E70}.Debug|Any CPU.Build.0 = Debug|Any CPU
		{C63ECF54-EC71-4B94-9FBF-178C0A622E70}.Release|Any CPU.ActiveCfg = Release|Any CPU
		{C63ECF54-EC71-4B94-9FBF-178C0A622E70}.Release|Any CPU.Build.0 = Release|Any CPU
		{6363631C-985C-4810-AABE-8F55414C3BC0}.Debug|Any CPU.ActiveCfg = Debug|Any CPU
		{6363631C-985C-4810-AABE-8F55414C3BC0}.Debug|Any CPU.Build.0 = Debug|Any CPU
		{6363631C-985C-4810-AABE-8F55414C3BC0}.Release|Any CPU.ActiveCfg = Release|Any CPU
		{6363631C-985C-4810-AABE-8F55414C3BC0}.Release|Any CPU.Build.0 = Release|Any CPU
		{82944BFD-A90F-468E-B0AC-082E41717ED3}.Debug|Any CPU.ActiveCfg = Debug|Any CPU
		{82944BFD-A90F-468E-B0AC-082E41717ED3}.Debug|Any CPU.Build.0 = Debug|Any CPU
		{82944BFD-A90F-468E-B0AC-082E41717ED3}.Release|Any CPU.ActiveCfg = Release|Any CPU
		{82944BFD-A90F-468E-B0AC-082E41717ED3}.Release|Any CPU.Build.0 = Release|Any CPU
	EndGlobalSection
	GlobalSection(SolutionProperties) = preSolution
		HideSolutionNode = FALSE
	EndGlobalSection
	GlobalSection(NestedProjects) = preSolution
		{57BCBA23-28ED-4C53-95C3-D26EAEFC572E} = {B838A91E-8A49-44EE-8888-909862440FA8}
		{5060F303-6B31-4C0D-AC57-74CAD45208F0} = {B838A91E-8A49-44EE-8888-909862440FA8}
		{FC326425-769A-4BBA-B887-71FB3FFA03D6} = {B838A91E-8A49-44EE-8888-909862440FA8}
		{C3420A22-87BD-4A7C-8CB4-659C44E26C82} = {B838A91E-8A49-44EE-8888-909862440FA8}
		{BBDDD128-C1C7-4CB5-BC6E-7140C08971AA} = {B838A91E-8A49-44EE-8888-909862440FA8}
		{98BD1D67-E113-44A2-AE52-A1AE338755D1} = {B838A91E-8A49-44EE-8888-909862440FA8}
		{C63ECF54-EC71-4B94-9FBF-178C0A622E70} = {B838A91E-8A49-44EE-8888-909862440FA8}
		{82944BFD-A90F-468E-B0AC-082E41717ED3} = {B838A91E-8A49-44EE-8888-909862440FA8}
	EndGlobalSection
	GlobalSection(ExtensibilityGlobals) = postSolution
		SolutionGuid = {BC878A71-4DCD-45B6-8616-E508BD03549D}
	EndGlobalSection
	GlobalSection(TeamFoundationVersionControl) = preSolution
		SccNumberOfProjects = 17
		SccEnterpriseProvider = {4CA58AB2-18FA-4F8D-95D4-32DDF27D184C}
		SccTeamFoundationServer = https://ryanpenfold.visualstudio.com/
		SccLocalPath0 = .
		SccProjectUniqueName1 = RyanPenfold.Utilities.Data.Tests.Integration\\RyanPenfold.Utilities.Data.Tests.Integration.csproj
		SccProjectTopLevelParentUniqueName1 = RyanPenfold.Utilities.sln
		SccProjectName1 = RyanPenfold.Utilities.Data.Tests.Integration
		SccLocalPath1 = RyanPenfold.Utilities.Data.Tests.Integration
		SccProjectUniqueName2 = RyanPenfold.Utilities.Data.Tests.Unit\\RyanPenfold.Utilities.Data.Tests.Unit.csproj
		SccProjectTopLevelParentUniqueName2 = RyanPenfold.Utilities.sln
		SccProjectName2 = RyanPenfold.Utilities.Data.Tests.Unit
		SccLocalPath2 = RyanPenfold.Utilities.Data.Tests.Unit
		SccProjectUniqueName3 = RyanPenfold.Utilities.Data\\RyanPenfold.Utilities.Data.csproj
		SccProjectName3 = RyanPenfold.Utilities.Data
		SccLocalPath3 = RyanPenfold.Utilities.Data
		SccProjectUniqueName4 = RyanPenfold.Utilities.Resources.Tests.Unit\\RyanPenfold.Utilities.Resources.Tests.Unit.csproj
		SccProjectTopLevelParentUniqueName4 = RyanPenfold.Utilities.sln
		SccProjectName4 = RyanPenfold.Utilities.Resources.Tests.Unit
		SccLocalPath4 = RyanPenfold.Utilities.Resources.Tests.Unit
		SccProjectUniqueName5 = RyanPenfold.Utilities.Resources\\RyanPenfold.Utilities.Resources.csproj
		SccProjectName5 = RyanPenfold.Utilities.Resources
		SccLocalPath5 = RyanPenfold.Utilities.Resources
		SccProjectUniqueName6 = RyanPenfold.Utilities.Security.Tests.Unit\\RyanPenfold.Utilities.Security.Tests.Unit.csproj
		SccProjectTopLevelParentUniqueName6 = RyanPenfold.Utilities.sln
		SccProjectName6 = RyanPenfold.Utilities.Security.Tests.Unit
		SccLocalPath6 = RyanPenfold.Utilities.Security.Tests.Unit
		SccProjectUniqueName7 = RyanPenfold.Utilities.Security\\RyanPenfold.Utilities.Security.csproj
		SccProjectName7 = RyanPenfold.Utilities.Security
		SccLocalPath7 = RyanPenfold.Utilities.Security
		SccProjectUniqueName8 = RyanPenfold.Utilities.Tests.Unit\\RyanPenfold.Utilities.Tests.Unit.csproj
		SccProjectTopLevelParentUniqueName8 = RyanPenfold.Utilities.sln
		SccProjectName8 = RyanPenfold.Utilities.Tests.Unit
		SccLocalPath8 = RyanPenfold.Utilities.Tests.Unit
		SccProjectUniqueName9 = RyanPenfold.Utilities.UI.Console\\RyanPenfold.Utilities.UI.Console.csproj
		SccProjectName9 = RyanPenfold.Utilities.UI.Console
		SccLocalPath9 = RyanPenfold.Utilities.UI.Console
		SccProjectUniqueName10 = RyanPenfold.Utilities.Web.Tests.Unit\\RyanPenfold.Utilities.Web.Tests.Unit.csproj
		SccProjectTopLevelParentUniqueName10 = RyanPenfold.Utilities.sln
		SccProjectName10 = RyanPenfold.Utilities.Web.Tests.Unit
		SccLocalPath10 = RyanPenfold.Utilities.Web.Tests.Unit
		SccProjectUniqueName11 = RyanPenfold.Utilities.Web\\RyanPenfold.Utilities.Web.csproj
		SccProjectName11 = RyanPenfold.Utilities.Web
		SccLocalPath11 = RyanPenfold.Utilities.Web
		SccProjectUniqueName12 = RyanPenfold.Utilities.Windows.Forms.Tests.Unit\\RyanPenfold.Utilities.Windows.Forms.Tests.Unit.csproj
		SccProjectTopLevelParentUniqueName12 = RyanPenfold.Utilities.sln
		SccProjectName12 = RyanPenfold.Utilities.Windows.Forms.Tests.Unit
		SccLocalPath12 = RyanPenfold.Utilities.Windows.Forms.Tests.Unit
		SccProjectUniqueName13 = RyanPenfold.Utilities.Windows.Forms\\RyanPenfold.Utilities.Windows.Forms.csproj
		SccProjectName13 = RyanPenfold.Utilities.Windows.Forms
		SccLocalPath13 = RyanPenfold.Utilities.Windows.Forms
		SccProjectUniqueName14 = RyanPenfold.Utilities.Xml.Tests.Unit\\RyanPenfold.Utilities.Xml.Tests.Unit.csproj
		SccProjectTopLevelParentUniqueName14 = RyanPenfold.Utilities.sln
		SccProjectName14 = RyanPenfold.Utilities.Xml.Tests.Unit
		SccLocalPath14 = RyanPenfold.Utilities.Xml.Tests.Unit
		SccProjectUniqueName15 = RyanPenfold.Utilities.Xml\\RyanPenfold.Utilities.Xml.csproj
		SccProjectName15 = RyanPenfold.Utilities.Xml
		SccLocalPath15 = RyanPenfold.Utilities.Xml
		SccProjectUniqueName16 = RyanPenfold.Utilities\\RyanPenfold.Utilities.csproj
		SccProjectName16 = RyanPenfold.Utilities
		SccLocalPath16 = RyanPenfold.Utilities
	EndGlobalSection
EndGlobal
