
Microsoft Visual Studio Solution File, Format Version 12.00
# Visual Studio 15
VisualStudioVersion = 15.0.28307.168
MinimumVisualStudioVersion = 10.0.40219.1
Project("{9A19103F-16F7-4668-BE54-9A1E7A4F7556}") = "RyanPenfold.Utilities", "RyanPenfold.Utilities\RyanPenfold.Utilities.csproj", "{4B89660F-49A8-4997-B442-DC76276688A8}"
EndProject
Project("{9A19103F-16F7-4668-BE54-9A1E7A4F7556}") = "RyanPenfold.Utilities.Data", "RyanPenfold.Utilities.Data\RyanPenfold.Utilities.Data.csproj", "{69BB90E4-36FD-4634-AC3D-4EE60BFFDFC9}"
EndProject
Project("{2150E333-8FDC-42A3-9474-1A3956D46DE8}") = "Tests", "Tests", "{C84C70C9-E23B-40FB-BCCD-929083BFF187}"
EndProject
Project("{FAE04EC0-301F-11D3-BF4B-00C04F79EFBC}") = "RyanPenfold.Utilities.Tests.Unit", "RyanPenfold.Utilities.Tests.Unit\RyanPenfold.Utilities.Tests.Unit.csproj", "{60EAF1CD-F655-40E8-BB72-ED2F1E8EDFF1}"
EndProject
Project("{FAE04EC0-301F-11D3-BF4B-00C04F79EFBC}") = "RyanPenfold.Utilities.Data.Tests.Unit", "RyanPenfold.Utilities.Data.Tests.Unit\RyanPenfold.Utilities.Data.Tests.Unit.csproj", "{EBBAB16E-4C52-42AF-A758-909C5181CE5F}"
EndProject
Global
	GlobalSection(SolutionConfigurationPlatforms) = preSolution
		Debug|Any CPU = Debug|Any CPU
		Release|Any CPU = Release|Any CPU
	EndGlobalSection
	GlobalSection(ProjectConfigurationPlatforms) = postSolution
		{4B89660F-49A8-4997-B442-DC76276688A8}.Debug|Any CPU.ActiveCfg = Debug|Any CPU
		{4B89660F-49A8-4997-B442-DC76276688A8}.Debug|Any CPU.Build.0 = Debug|Any CPU
		{4B89660F-49A8-4997-B442-DC76276688A8}.Release|Any CPU.ActiveCfg = Release|Any CPU
		{4B89660F-49A8-4997-B442-DC76276688A8}.Release|Any CPU.Build.0 = Release|Any CPU
		{69BB90E4-36FD-4634-AC3D-4EE60BFFDFC9}.Debug|Any CPU.ActiveCfg = Debug|Any CPU
		{69BB90E4-36FD-4634-AC3D-4EE60BFFDFC9}.Debug|Any CPU.Build.0 = Debug|Any CPU
		{69BB90E4-36FD-4634-AC3D-4EE60BFFDFC9}.Release|Any CPU.ActiveCfg = Release|Any CPU
		{69BB90E4-36FD-4634-AC3D-4EE60BFFDFC9}.Release|Any CPU.Build.0 = Release|Any CPU
		{60EAF1CD-F655-40E8-BB72-ED2F1E8EDFF1}.Debug|Any CPU.ActiveCfg = Debug|Any CPU
		{60EAF1CD-F655-40E8-BB72-ED2F1E8EDFF1}.Debug|Any CPU.Build.0 = Debug|Any CPU
		{60EAF1CD-F655-40E8-BB72-ED2F1E8EDFF1}.Release|Any CPU.ActiveCfg = Release|Any CPU
		{60EAF1CD-F655-40E8-BB72-ED2F1E8EDFF1}.Release|Any CPU.Build.0 = Release|Any CPU
		{EBBAB16E-4C52-42AF-A758-909C5181CE5F}.Debug|Any CPU.ActiveCfg = Debug|Any CPU
		{EBBAB16E-4C52-42AF-A758-909C5181CE5F}.Debug|Any CPU.Build.0 = Debug|Any CPU
		{EBBAB16E-4C52-42AF-A758-909C5181CE5F}.Release|Any CPU.ActiveCfg = Release|Any CPU
		{EBBAB16E-4C52-42AF-A758-909C5181CE5F}.Release|Any CPU.Build.0 = Release|Any CPU
	EndGlobalSection
	GlobalSection(SolutionProperties) = preSolution
		HideSolutionNode = FALSE
	EndGlobalSection
	GlobalSection(NestedProjects) = preSolution
		{60EAF1CD-F655-40E8-BB72-ED2F1E8EDFF1} = {C84C70C9-E23B-40FB-BCCD-929083BFF187}
		{EBBAB16E-4C52-42AF-A758-909C5181CE5F} = {C84C70C9-E23B-40FB-BCCD-929083BFF187}
	EndGlobalSection
	GlobalSection(ExtensibilityGlobals) = postSolution
		SolutionGuid = {46D3AA56-57BD-4181-938F-A34F7B7D2A0B}
	EndGlobalSection
EndGlobal
